<?xml version="1.0" encoding="utf-8"?>
<Project ToolsVersion="4.0" xmlns="http://schemas.microsoft.com/developer/msbuild/2003">
  <ItemGroup>
    <Filter Include="Source Files">
      <UniqueIdentifier>{4FC737F1-C7A5-4376-A066-2A32D752A2FF}</UniqueIdentifier>
      <Extensions>cpp;c;cc;cxx;def;odl;idl;hpj;bat;asm;asmx</Extensions>
    </Filter>
    <Filter Include="Header Files">
      <UniqueIdentifier>{93995380-89BD-4b04-88EB-625FBE52EBFB}</UniqueIdentifier>
      <Extensions>h;hpp;hxx;hm;inl;inc;xsd</Extensions>
    </Filter>
    <Filter Include="Resource Files">
      <UniqueIdentifier>{67DA6AB6-F800-4c08-8B7A-83BB121AAD01}</UniqueIdentifier>
      <Extensions>rc;ico;cur;bmp;dlg;rc2;rct;bin;rgs;gif;jpg;jpeg;jpe;resx;tiff;tif;png;wav;mfcribbon-ms</Extensions>
    </Filter>
    <Filter Include="Source Files\Character">
      <UniqueIdentifier>{ca23f088-a6df-4b88-b993-4b9e5e4c26aa}</UniqueIdentifier>
    </Filter>
    <Filter Include="Header Files\Character">
      <UniqueIdentifier>{2c1f8fc5-8282-4b97-830e-3bd90d307c08}</UniqueIdentifier>
    </Filter>
    <Filter Include="Header Files\Object">
      <UniqueIdentifier>{bd7ba83c-9a60-48ee-b9e2-7dfc8d187415}</UniqueIdentifier>
    </Filter>
    <Filter Include="Source Files\Object">
      <UniqueIdentifier>{083b3297-9a95-4101-a918-0ee9de473efb}</UniqueIdentifier>
    </Filter>
    <Filter Include="Header Files\Object\Weapon">
      <UniqueIdentifier>{b7bdca7f-e956-4907-af28-d1e1d7ae1862}</UniqueIdentifier>
    </Filter>
    <Filter Include="Header Files\Object\Armor">
      <UniqueIdentifier>{4358ba29-60b8-4268-a7ce-20a952093db3}</UniqueIdentifier>
    </Filter>
    <Filter Include="Source Files\Object\Armor">
      <UniqueIdentifier>{69f42956-0e34-47ba-84bc-8957435b4e39}</UniqueIdentifier>
    </Filter>
    <Filter Include="Source Files\Object\Weapon">
      <UniqueIdentifier>{c2709878-6893-4f5a-967d-f8483900e951}</UniqueIdentifier>
    </Filter>
    <Filter Include="Header Files\Map">
      <UniqueIdentifier>{e5f23699-8232-4064-8cc6-aaf8ee88094a}</UniqueIdentifier>
    </Filter>
    <Filter Include="Source Files\Map">
      <UniqueIdentifier>{d8cdbb7f-34b9-435e-a2c1-c6979dd86198}</UniqueIdentifier>
    </Filter>
    <Filter Include="Header Files\Enemy">
      <UniqueIdentifier>{c4523ffe-2064-40df-acae-607eedf848fb}</UniqueIdentifier>
    </Filter>
    <Filter Include="Source Files\Enemy">
      <UniqueIdentifier>{53e8c5d8-9b83-4915-8400-6d55b3ea9775}</UniqueIdentifier>
    </Filter>
    <Filter Include="Source Files\Enemy\Animal">
      <UniqueIdentifier>{f4a8a8be-cf4b-458a-9b44-ceaee813e68a}</UniqueIdentifier>
    </Filter>
    <Filter Include="Header Files\Enemy\Animal">
      <UniqueIdentifier>{6531c92a-4a91-491e-bf2e-4ab1c308bbb5}</UniqueIdentifier>
    </Filter>
    <Filter Include="Header Files\Enemy\Construct">
      <UniqueIdentifier>{4f8af574-a642-4461-be25-21f463fc1662}</UniqueIdentifier>
    </Filter>
    <Filter Include="Source Files\Enemy\Construct">
      <UniqueIdentifier>{aa239b7c-efa0-41f3-8485-9f2a08406116}</UniqueIdentifier>
    </Filter>
    <Filter Include="Header Files\Player">
      <UniqueIdentifier>{b6b26ff2-cefa-4ad0-b954-6451269aae3c}</UniqueIdentifier>
    </Filter>
    <Filter Include="Source Files\Player">
      <UniqueIdentifier>{09d107d3-728e-4fa7-a654-3f609c03dcfd}</UniqueIdentifier>
    </Filter>
    <Filter Include="Header Files\Areas">
      <UniqueIdentifier>{e677999b-f9bc-4a84-adca-59b18855236f}</UniqueIdentifier>
    </Filter>
    <Filter Include="Source Files\Areas">
      <UniqueIdentifier>{d6bfb3e1-30df-48c4-a8a0-bb2d6d8a8d0f}</UniqueIdentifier>
    </Filter>
  </ItemGroup>
  <ItemGroup>
    <ClInclude Include="Warrior.h">
      <Filter>Header Files\Character</Filter>
    </ClInclude>
    <ClInclude Include="Druid.h">
      <Filter>Header Files\Character</Filter>
    </ClInclude>
    <ClInclude Include="Character.h">
      <Filter>Header Files\Character</Filter>
    </ClInclude>
    <ClInclude Include="Object.h">
      <Filter>Header Files\Object</Filter>
    </ClInclude>
    <ClInclude Include="Armor.h">
      <Filter>Header Files\Object\Armor</Filter>
    </ClInclude>
    <ClInclude Include="Weapon.h">
      <Filter>Header Files\Object\Weapon</Filter>
    </ClInclude>
    <ClInclude Include="Axe.h">
      <Filter>Header Files\Object\Weapon</Filter>
    </ClInclude>
    <ClInclude Include="Helmet.h">
      <Filter>Header Files\Object\Armor</Filter>
    </ClInclude>
    <ClInclude Include="Sword.h">
      <Filter>Header Files\Object\Weapon</Filter>
    </ClInclude>
    <ClInclude Include="Armour.h">
      <Filter>Header Files\Object\Armor</Filter>
    </ClInclude>
    <ClInclude Include="Region.h">
      <Filter>Header Files\Map</Filter>
    </ClInclude>
    <ClInclude Include="Map.h">
      <Filter>Header Files\Map</Filter>
    </ClInclude>
    <ClInclude Include="Enemy.h">
      <Filter>Header Files\Enemy</Filter>
    </ClInclude>
    <ClInclude Include="Bear.h">
      <Filter>Header Files\Enemy\Animal</Filter>
    </ClInclude>
    <ClInclude Include="BattleHulk.h">
      <Filter>Header Files\Enemy\Construct</Filter>
    </ClInclude>
    <ClInclude Include="Area.h">
      <Filter>Header Files\Map</Filter>
    </ClInclude>
    <ClInclude Include="Player.h">
      <Filter>Header Files\Player</Filter>
    </ClInclude>
    <ClInclude Include="Assassin.h">
      <Filter>Header Files\Character</Filter>
    </ClInclude>
    <ClInclude Include="Wizard.h">
      <Filter>Header Files\Character</Filter>
    </ClInclude>
    <ClInclude Include="Dwarf.h">
      <Filter>Header Files\Character</Filter>
    </ClInclude>
    <ClInclude Include="Elf.h">
      <Filter>Header Files\Character</Filter>
    </ClInclude>
    <ClInclude Include="Ghoul.h">
      <Filter>Header Files\Character</Filter>
    </ClInclude>
    <ClInclude Include="Ministrel.h">
      <Filter>Header Files\Character</Filter>
    </ClInclude>
    <ClInclude Include="Monk.h">
      <Filter>Header Files\Character</Filter>
    </ClInclude>
    <ClInclude Include="Priest.h">
      <Filter>Header Files\Character</Filter>
    </ClInclude>
    <ClInclude Include="Prophetess.h">
      <Filter>Header Files\Character</Filter>
    </ClInclude>
    <ClInclude Include="Sorceress.h">
      <Filter>Header Files\Character</Filter>
    </ClInclude>
    <ClInclude Include="Thief.h">
      <Filter>Header Files\Character</Filter>
    </ClInclude>
    <ClInclude Include="Troll.h">
      <Filter>Header Files\Character</Filter>
    </ClInclude>
    <ClInclude Include="City.h">
      <Filter>Header Files\Areas</Filter>
    </ClInclude>
  </ItemGroup>
  <ItemGroup>
    <ClCompile Include="Character.cpp">
      <Filter>Source Files\Character</Filter>
    </ClCompile>
    <ClCompile Include="Druid.cpp">
      <Filter>Source Files\Character</Filter>
    </ClCompile>
    <ClCompile Include="Warrior.cpp">
      <Filter>Source Files\Character</Filter>
    </ClCompile>
    <ClCompile Include="Object.cpp">
      <Filter>Source Files\Object</Filter>
    </ClCompile>
    <ClCompile Include="Axe.cpp">
      <Filter>Source Files\Object\Weapon</Filter>
    </ClCompile>
    <ClCompile Include="Weapon.cpp">
      <Filter>Source Files\Object\Weapon</Filter>
    </ClCompile>
    <ClCompile Include="Armor.cpp">
      <Filter>Source Files\Object\Armor</Filter>
    </ClCompile>
    <ClCompile Include="Helmet.cpp">
      <Filter>Source Files\Object\Armor</Filter>
    </ClCompile>
    <ClCompile Include="Sword.cpp">
      <Filter>Source Files\Object\Weapon</Filter>
    </ClCompile>
    <ClCompile Include="Armour.cpp">
      <Filter>Source Files\Object\Armor</Filter>
    </ClCompile>
    <ClCompile Include="Region.cpp">
      <Filter>Source Files\Map</Filter>
    </ClCompile>
    <ClCompile Include="Map.cpp">
      <Filter>Source Files\Map</Filter>
    </ClCompile>
    <ClCompile Include="Enemy.cpp">
      <Filter>Source Files\Enemy</Filter>
    </ClCompile>
    <ClCompile Include="Bear.cpp">
      <Filter>Source Files\Enemy\Animal</Filter>
    </ClCompile>
    <ClCompile Include="BattleHulk.cpp">
      <Filter>Source Files\Enemy\Construct</Filter>
    </ClCompile>
    <ClCompile Include="Area.cpp">
      <Filter>Source Files\Map</Filter>
    </ClCompile>
    <ClCompile Include="Player.cpp">
      <Filter>Source Files\Player</Filter>
    </ClCompile>
    <ClCompile Include="Assassin.cpp">
      <Filter>Source Files\Character</Filter>
    </ClCompile>
    <ClCompile Include="Wizard.cpp">
      <Filter>Source Files\Character</Filter>
    </ClCompile>
    <ClCompile Include="Dwarf.cpp">
      <Filter>Source Files\Character</Filter>
    </ClCompile>
    <ClCompile Include="Elf.cpp">
      <Filter>Source Files\Character</Filter>
    </ClCompile>
    <ClCompile Include="Ghoul.cpp">
      <Filter>Source Files\Character</Filter>
    </ClCompile>
    <ClCompile Include="main.cpp">
      <Filter>Source Files\Character</Filter>
    </ClCompile>
    <ClCompile Include="Ministrel.cpp">
      <Filter>Source Files\Character</Filter>
    </ClCompile>
    <ClCompile Include="Monk.cpp">
      <Filter>Source Files\Character</Filter>
    </ClCompile>
    <ClCompile Include="Priest.cpp">
      <Filter>Source Files\Character</Filter>
    </ClCompile>
    <ClCompile Include="Prophetess.cpp">
      <Filter>Source Files\Character</Filter>
    </ClCompile>
    <ClCompile Include="Sorceress.cpp">
      <Filter>Source Files\Character</Filter>
    </ClCompile>
    <ClCompile Include="Thief.cpp">
      <Filter>Source Files\Character</Filter>
    </ClCompile>
    <ClCompile Include="Troll.cpp">
      <Filter>Source Files\Character</Filter>
    </ClCompile>
    <ClCompile Include="City.cpp">
      <Filter>Source Files\Areas</Filter>
    </ClCompile>
  </ItemGroup>
</Project>